
Microsoft Visual Studio Solution File, Format Version 12.00
# Visual Studio Version 17
VisualStudioVersion = 17.7.34024.191
MinimumVisualStudioVersion = 10.0.40219.1
Project("{FAE04EC0-301F-11D3-BF4B-00C04F79EFBC}") = "V2 2. A bank charges 5% of the deposit amount for each month", "V2 2. A bank charges 5% of the deposit amount for each month.csproj", "{77476207-6E9C-4CEB-B60B-1CDF0B6738B6}"
EndProject
Global
	GlobalSection(SolutionConfigurationPlatforms) = preSolution
		Debug|Any CPU = Debug|Any CPU
		Release|Any CPU = Release|Any CPU
	EndGlobalSection
	GlobalSection(ProjectConfigurationPlatforms) = postSolution
		{77476207-6E9C-4CEB-B60B-1CDF0B6738B6}.Debug|Any CPU.ActiveCfg = Debug|Any CPU
		{77476207-6E9C-4CEB-B60B-1CDF0B6738B6}.Debug|Any CPU.Build.0 = Debug|Any CPU
		{77476207-6E9C-4CEB-B60B-1CDF0B6738B6}.Release|Any CPU.ActiveCfg = Release|Any CPU
		{77476207-6E9C-4CEB-B60B-1CDF0B6738B6}.Release|Any CPU.Build.0 = Release|Any CPU
	EndGlobalSection
	GlobalSection(SolutionProperties) = preSolution
		HideSolutionNode = FALSE
	EndGlobalSection
	GlobalSection(ExtensibilityGlobals) = postSolution
		SolutionGuid = {8CFFDD0A-F3AC-47B4-A016-1168186AC8E7}
	EndGlobalSection
EndGlobal
