
Microsoft Visual Studio Solution File, Format Version 12.00
# Visual Studio Version 17
VisualStudioVersion = 17.7.34024.191
MinimumVisualStudioVersion = 10.0.40219.1
Project("{9A19103F-16F7-4668-BE54-9A1E7A4F7556}") = "7. Output all prime numbers in the range [a,b]", "7. Output all prime numbers in the range [a,b].csproj", "{72A32437-BEE1-4360-B7A9-281F0BD7998F}"
EndProject
Global
	GlobalSection(SolutionConfigurationPlatforms) = preSolution
		Debug|Any CPU = Debug|Any CPU
		Release|Any CPU = Release|Any CPU
	EndGlobalSection
	GlobalSection(ProjectConfigurationPlatforms) = postSolution
		{72A32437-BEE1-4360-B7A9-281F0BD7998F}.Debug|Any CPU.ActiveCfg = Debug|Any CPU
		{72A32437-BEE1-4360-B7A9-281F0BD7998F}.Debug|Any CPU.Build.0 = Debug|Any CPU
		{72A32437-BEE1-4360-B7A9-281F0BD7998F}.Release|Any CPU.ActiveCfg = Release|Any CPU
		{72A32437-BEE1-4360-B7A9-281F0BD7998F}.Release|Any CPU.Build.0 = Release|Any CPU
	EndGlobalSection
	GlobalSection(SolutionProperties) = preSolution
		HideSolutionNode = FALSE
	EndGlobalSection
	GlobalSection(ExtensibilityGlobals) = postSolution
		SolutionGuid = {8EE8A7C7-C8B3-4A2A-99D6-918E95D0C1A3}
	EndGlobalSection
EndGlobal
